// !$*UTF8*$!
{
	archiveVersion = 1;
	classes = {
	};
	objectVersion = 46;
	objects = {

/* Begin PBXBuildFile section */
		5861A2BAEE32132013952677 /* libPods-TAKUUID.a in Frameworks */ = {isa = PBXBuildFile; fileRef = F5F2DEF2190822161CA6754A /* libPods-TAKUUID.a */; };
		5BD0ACD25DD308DFF2D0C062 /* libPods-TAKUUIDTests.a in Frameworks */ = {isa = PBXBuildFile; fileRef = 303A1BA9B36E2AB86AF0B7C7 /* libPods-TAKUUIDTests.a */; };
		8638B5D11A0E54E10089F979 /* TAKUUIDTests.m in Sources */ = {isa = PBXBuildFile; fileRef = 8638B5D01A0E54E10089F979 /* TAKUUIDTests.m */; };
		866B539B1A0E51150038140A /* main.m in Sources */ = {isa = PBXBuildFile; fileRef = 866B539A1A0E51150038140A /* main.m */; };
		866B539E1A0E51150038140A /* AppDelegate.m in Sources */ = {isa = PBXBuildFile; fileRef = 866B539D1A0E51150038140A /* AppDelegate.m */; };
		866B53A11A0E51150038140A /* ViewController.m in Sources */ = {isa = PBXBuildFile; fileRef = 866B53A01A0E51150038140A /* ViewController.m */; };
		866B53A41A0E51150038140A /* Main.storyboard in Resources */ = {isa = PBXBuildFile; fileRef = 866B53A21A0E51150038140A /* Main.storyboard */; };
		866B53A61A0E51150038140A /* Images.xcassets in Resources */ = {isa = PBXBuildFile; fileRef = 866B53A51A0E51150038140A /* Images.xcassets */; };
		866B53A91A0E51150038140A /* LaunchScreen.xib in Resources */ = {isa = PBXBuildFile; fileRef = 866B53A71A0E51150038140A /* LaunchScreen.xib */; };
/* End PBXBuildFile section */

/* Begin PBXContainerItemProxy section */
		8638B5D21A0E54E10089F979 /* PBXContainerItemProxy */ = {
			isa = PBXContainerItemProxy;
			containerPortal = 866B538D1A0E51150038140A /* Project object */;
			proxyType = 1;
			remoteGlobalIDString = 866B53941A0E51150038140A;
			remoteInfo = TAKUUID;
		};
/* End PBXContainerItemProxy section */

/* Begin PBXFileReference section */
		144600B75D9C7773461A9D6B /* Pods-TAKUUIDTests.release.xcconfig */ = {isa = PBXFileReference; includeInIndex = 1; lastKnownFileType = text.xcconfig; name = "Pods-TAKUUIDTests.release.xcconfig"; path = "Pods/Target Support Files/Pods-TAKUUIDTests/Pods-TAKUUIDTests.release.xcconfig"; sourceTree = "<group>"; };
		195E76156F3AEF2C238A59C9 /* Pods-TAKUUID.release.xcconfig */ = {isa = PBXFileReference; includeInIndex = 1; lastKnownFileType = text.xcconfig; name = "Pods-TAKUUID.release.xcconfig"; path = "Pods/Target Support Files/Pods-TAKUUID/Pods-TAKUUID.release.xcconfig"; sourceTree = "<group>"; };
		303A1BA9B36E2AB86AF0B7C7 /* libPods-TAKUUIDTests.a */ = {isa = PBXFileReference; explicitFileType = archive.ar; includeInIndex = 0; path = "libPods-TAKUUIDTests.a"; sourceTree = BUILT_PRODUCTS_DIR; };
		8638B5CC1A0E54E10089F979 /* TAKUUIDTests.xctest */ = {isa = PBXFileReference; explicitFileType = wrapper.cfbundle; includeInIndex = 0; path = TAKUUIDTests.xctest; sourceTree = BUILT_PRODUCTS_DIR; };
		8638B5CF1A0E54E10089F979 /* Info.plist */ = {isa = PBXFileReference; lastKnownFileType = text.plist.xml; path = Info.plist; sourceTree = "<group>"; };
		8638B5D01A0E54E10089F979 /* TAKUUIDTests.m */ = {isa = PBXFileReference; lastKnownFileType = sourcecode.c.objc; path = TAKUUIDTests.m; sourceTree = "<group>"; };
		866B53951A0E51150038140A /* TAKUUID.app */ = {isa = PBXFileReference; explicitFileType = wrapper.application; includeInIndex = 0; path = TAKUUID.app; sourceTree = BUILT_PRODUCTS_DIR; };
		866B53991A0E51150038140A /* Info.plist */ = {isa = PBXFileReference; lastKnownFileType = text.plist.xml; path = Info.plist; sourceTree = "<group>"; };
		866B539A1A0E51150038140A /* main.m */ = {isa = PBXFileReference; lastKnownFileType = sourcecode.c.objc; path = main.m; sourceTree = "<group>"; };
		866B539C1A0E51150038140A /* AppDelegate.h */ = {isa = PBXFileReference; lastKnownFileType = sourcecode.c.h; path = AppDelegate.h; sourceTree = "<group>"; };
		866B539D1A0E51150038140A /* AppDelegate.m */ = {isa = PBXFileReference; lastKnownFileType = sourcecode.c.objc; path = AppDelegate.m; sourceTree = "<group>"; };
		866B539F1A0E51150038140A /* ViewController.h */ = {isa = PBXFileReference; lastKnownFileType = sourcecode.c.h; path = ViewController.h; sourceTree = "<group>"; };
		866B53A01A0E51150038140A /* ViewController.m */ = {isa = PBXFileReference; lastKnownFileType = sourcecode.c.objc; path = ViewController.m; sourceTree = "<group>"; };
		866B53A31A0E51150038140A /* Base */ = {isa = PBXFileReference; lastKnownFileType = file.storyboard; name = Base; path = Base.lproj/Main.storyboard; sourceTree = "<group>"; };
		866B53A51A0E51150038140A /* Images.xcassets */ = {isa = PBXFileReference; lastKnownFileType = folder.assetcatalog; path = Images.xcassets; sourceTree = "<group>"; };
		866B53A81A0E51150038140A /* Base */ = {isa = PBXFileReference; lastKnownFileType = file.xib; name = Base; path = Base.lproj/LaunchScreen.xib; sourceTree = "<group>"; };
		868FF6D61D9D2FE30067D4A7 /* TAKUUID.entitlements */ = {isa = PBXFileReference; lastKnownFileType = text.plist.entitlements; path = TAKUUID.entitlements; sourceTree = "<group>"; };
		DD9BBD19EDDCFC37D55631E1 /* Pods-TAKUUID.debug.xcconfig */ = {isa = PBXFileReference; includeInIndex = 1; lastKnownFileType = text.xcconfig; name = "Pods-TAKUUID.debug.xcconfig"; path = "Pods/Target Support Files/Pods-TAKUUID/Pods-TAKUUID.debug.xcconfig"; sourceTree = "<group>"; };
		F4561C26A757716BEA43F86C /* Pods-TAKUUIDTests.debug.xcconfig */ = {isa = PBXFileReference; includeInIndex = 1; lastKnownFileType = text.xcconfig; name = "Pods-TAKUUIDTests.debug.xcconfig"; path = "Pods/Target Support Files/Pods-TAKUUIDTests/Pods-TAKUUIDTests.debug.xcconfig"; sourceTree = "<group>"; };
		F5F2DEF2190822161CA6754A /* libPods-TAKUUID.a */ = {isa = PBXFileReference; explicitFileType = archive.ar; includeInIndex = 0; path = "libPods-TAKUUID.a"; sourceTree = BUILT_PRODUCTS_DIR; };
/* End PBXFileReference section */

/* Begin PBXFrameworksBuildPhase section */
		8638B5C91A0E54E10089F979 /* Frameworks */ = {
			isa = PBXFrameworksBuildPhase;
			buildActionMask = 2147483647;
			files = (
				5BD0ACD25DD308DFF2D0C062 /* libPods-TAKUUIDTests.a in Frameworks */,
			);
			runOnlyForDeploymentPostprocessing = 0;
		};
		866B53921A0E51150038140A /* Frameworks */ = {
			isa = PBXFrameworksBuildPhase;
			buildActionMask = 2147483647;
			files = (
				5861A2BAEE32132013952677 /* libPods-TAKUUID.a in Frameworks */,
			);
			runOnlyForDeploymentPostprocessing = 0;
		};
/* End PBXFrameworksBuildPhase section */

/* Begin PBXGroup section */
		8638B5CD1A0E54E10089F979 /* TAKUUIDTests */ = {
			isa = PBXGroup;
			children = (
				8638B5D01A0E54E10089F979 /* TAKUUIDTests.m */,
				8638B5CE1A0E54E10089F979 /* Supporting Files */,
			);
			path = TAKUUIDTests;
			sourceTree = "<group>";
		};
		8638B5CE1A0E54E10089F979 /* Supporting Files */ = {
			isa = PBXGroup;
			children = (
				8638B5CF1A0E54E10089F979 /* Info.plist */,
			);
			name = "Supporting Files";
			sourceTree = "<group>";
		};
		866B538C1A0E51150038140A = {
			isa = PBXGroup;
			children = (
				866B53971A0E51150038140A /* TAKUUID */,
				8638B5CD1A0E54E10089F979 /* TAKUUIDTests */,
				866B53961A0E51150038140A /* Products */,
				A3B6CE4359B28EC016EB64FC /* Pods */,
				8CF10D9D6AD079500AD209EB /* Frameworks */,
			);
			sourceTree = "<group>";
		};
		866B53961A0E51150038140A /* Products */ = {
			isa = PBXGroup;
			children = (
				866B53951A0E51150038140A /* TAKUUID.app */,
				8638B5CC1A0E54E10089F979 /* TAKUUIDTests.xctest */,
			);
			name = Products;
			sourceTree = "<group>";
		};
		866B53971A0E51150038140A /* TAKUUID */ = {
			isa = PBXGroup;
			children = (
				868FF6D61D9D2FE30067D4A7 /* TAKUUID.entitlements */,
				866B539C1A0E51150038140A /* AppDelegate.h */,
				866B539D1A0E51150038140A /* AppDelegate.m */,
				866B539F1A0E51150038140A /* ViewController.h */,
				866B53A01A0E51150038140A /* ViewController.m */,
				866B53A21A0E51150038140A /* Main.storyboard */,
				866B53A51A0E51150038140A /* Images.xcassets */,
				866B53A71A0E51150038140A /* LaunchScreen.xib */,
				866B53981A0E51150038140A /* Supporting Files */,
			);
			path = TAKUUID;
			sourceTree = "<group>";
		};
		866B53981A0E51150038140A /* Supporting Files */ = {
			isa = PBXGroup;
			children = (
				866B53991A0E51150038140A /* Info.plist */,
				866B539A1A0E51150038140A /* main.m */,
			);
			name = "Supporting Files";
			sourceTree = "<group>";
		};
		8CF10D9D6AD079500AD209EB /* Frameworks */ = {
			isa = PBXGroup;
			children = (
				F5F2DEF2190822161CA6754A /* libPods-TAKUUID.a */,
				303A1BA9B36E2AB86AF0B7C7 /* libPods-TAKUUIDTests.a */,
			);
			name = Frameworks;
			sourceTree = "<group>";
		};
		A3B6CE4359B28EC016EB64FC /* Pods */ = {
			isa = PBXGroup;
			children = (
				DD9BBD19EDDCFC37D55631E1 /* Pods-TAKUUID.debug.xcconfig */,
				195E76156F3AEF2C238A59C9 /* Pods-TAKUUID.release.xcconfig */,
				F4561C26A757716BEA43F86C /* Pods-TAKUUIDTests.debug.xcconfig */,
				144600B75D9C7773461A9D6B /* Pods-TAKUUIDTests.release.xcconfig */,
			);
			name = Pods;
			sourceTree = "<group>";
		};
/* End PBXGroup section */

/* Begin PBXNativeTarget section */
		8638B5CB1A0E54E10089F979 /* TAKUUIDTests */ = {
			isa = PBXNativeTarget;
			buildConfigurationList = 8638B5D41A0E54E10089F979 /* Build configuration list for PBXNativeTarget "TAKUUIDTests" */;
			buildPhases = (
				D9B1F32AC8FD50B0B1EC89B8 /* [CP] Check Pods Manifest.lock */,
				8638B5C81A0E54E10089F979 /* Sources */,
				8638B5C91A0E54E10089F979 /* Frameworks */,
				8638B5CA1A0E54E10089F979 /* Resources */,
				7FFB779486454DF3127B1871 /* [CP] Embed Pods Frameworks */,
				044D311F7DCC07060BDC5E3D /* [CP] Copy Pods Resources */,
			);
			buildRules = (
			);
			dependencies = (
				8638B5D31A0E54E10089F979 /* PBXTargetDependency */,
			);
			name = TAKUUIDTests;
			productName = TAKUUIDTests;
			productReference = 8638B5CC1A0E54E10089F979 /* TAKUUIDTests.xctest */;
			productType = "com.apple.product-type.bundle.unit-test";
		};
		866B53941A0E51150038140A /* TAKUUID */ = {
			isa = PBXNativeTarget;
			buildConfigurationList = 866B53B81A0E51150038140A /* Build configuration list for PBXNativeTarget "TAKUUID" */;
			buildPhases = (
				23B9881108C6F22DB2B42880 /* [CP] Check Pods Manifest.lock */,
				866B53911A0E51150038140A /* Sources */,
				866B53921A0E51150038140A /* Frameworks */,
				866B53931A0E51150038140A /* Resources */,
				6C53EA8107B89CEE16ED2920 /* [CP] Embed Pods Frameworks */,
				1B7D96986715664C3D136274 /* [CP] Copy Pods Resources */,
			);
			buildRules = (
			);
			dependencies = (
			);
			name = TAKUUID;
			productName = TAKUUID;
			productReference = 866B53951A0E51150038140A /* TAKUUID.app */;
			productType = "com.apple.product-type.application";
		};
/* End PBXNativeTarget section */

/* Begin PBXProject section */
		866B538D1A0E51150038140A /* Project object */ = {
			isa = PBXProject;
			attributes = {
				LastUpgradeCheck = 0730;
				ORGANIZATIONNAME = "Takahiro Ooishi";
				TargetAttributes = {
					8638B5CB1A0E54E10089F979 = {
						CreatedOnToolsVersion = 6.1;
						TestTargetID = 866B53941A0E51150038140A;
					};
					866B53941A0E51150038140A = {
						CreatedOnToolsVersion = 6.1;
						DevelopmentTeam = W7992S87DQ;
						SystemCapabilities = {
							com.apple.Keychain = {
								enabled = 1;
							};
						};
					};
				};
			};
			buildConfigurationList = 866B53901A0E51150038140A /* Build configuration list for PBXProject "TAKUUID" */;
			compatibilityVersion = "Xcode 3.2";
			developmentRegion = English;
			hasScannedForEncodings = 0;
			knownRegions = (
				en,
				Base,
			);
			mainGroup = 866B538C1A0E51150038140A;
			productRefGroup = 866B53961A0E51150038140A /* Products */;
			projectDirPath = "";
			projectRoot = "";
			targets = (
				866B53941A0E51150038140A /* TAKUUID */,
				8638B5CB1A0E54E10089F979 /* TAKUUIDTests */,
			);
		};
/* End PBXProject section */

/* Begin PBXResourcesBuildPhase section */
		8638B5CA1A0E54E10089F979 /* Resources */ = {
			isa = PBXResourcesBuildPhase;
			buildActionMask = 2147483647;
			files = (
			);
			runOnlyForDeploymentPostprocessing = 0;
		};
		866B53931A0E51150038140A /* Resources */ = {
			isa = PBXResourcesBuildPhase;
			buildActionMask = 2147483647;
			files = (
				866B53A41A0E51150038140A /* Main.storyboard in Resources */,
				866B53A91A0E51150038140A /* LaunchScreen.xib in Resources */,
				866B53A61A0E51150038140A /* Images.xcassets in Resources */,
			);
			runOnlyForDeploymentPostprocessing = 0;
		};
/* End PBXResourcesBuildPhase section */

/* Begin PBXShellScriptBuildPhase section */
		044D311F7DCC07060BDC5E3D /* [CP] Copy Pods Resources */ = {
			isa = PBXShellScriptBuildPhase;
			buildActionMask = 2147483647;
			files = (
			);
			inputPaths = (
			);
			name = "[CP] Copy Pods Resources";
			outputPaths = (
			);
			runOnlyForDeploymentPostprocessing = 0;
			shellPath = /bin/sh;
			shellScript = "\"${SRCROOT}/Pods/Target Support Files/Pods-TAKUUIDTests/Pods-TAKUUIDTests-resources.sh\"\n";
			showEnvVarsInLog = 0;
		};
		1B7D96986715664C3D136274 /* [CP] Copy Pods Resources */ = {
			isa = PBXShellScriptBuildPhase;
			buildActionMask = 2147483647;
			files = (
			);
			inputPaths = (
			);
			name = "[CP] Copy Pods Resources";
			outputPaths = (
			);
			runOnlyForDeploymentPostprocessing = 0;
			shellPath = /bin/sh;
			shellScript = "\"${SRCROOT}/Pods/Target Support Files/Pods-TAKUUID/Pods-TAKUUID-resources.sh\"\n";
			showEnvVarsInLog = 0;
		};
		23B9881108C6F22DB2B42880 /* [CP] Check Pods Manifest.lock */ = {
			isa = PBXShellScriptBuildPhase;
			buildActionMask = 2147483647;
			files = (
			);
			inputPaths = (
			);
			name = "[CP] Check Pods Manifest.lock";
			outputPaths = (
			);
			runOnlyForDeploymentPostprocessing = 0;
			shellPath = /bin/sh;
			shellScript = "diff \"${PODS_ROOT}/../Podfile.lock\" \"${PODS_ROOT}/Manifest.lock\" > /dev/null\nif [ $? != 0 ] ; then\n    # print error to STDERR\n    echo \"error: The sandbox is not in sync with the Podfile.lock. Run 'pod install' or update your CocoaPods installation.\" >&2\n    exit 1\nfi\n";
			showEnvVarsInLog = 0;
		};
		6C53EA8107B89CEE16ED2920 /* [CP] Embed Pods Frameworks */ = {
			isa = PBXShellScriptBuildPhase;
			buildActionMask = 2147483647;
			files = (
			);
			inputPaths = (
			);
			name = "[CP] Embed Pods Frameworks";
			outputPaths = (
			);
			runOnlyForDeploymentPostprocessing = 0;
			shellPath = /bin/sh;
			shellScript = "\"${SRCROOT}/Pods/Target Support Files/Pods-TAKUUID/Pods-TAKUUID-frameworks.sh\"\n";
			showEnvVarsInLog = 0;
		};
		7FFB779486454DF3127B1871 /* [CP] Embed Pods Frameworks */ = {
			isa = PBXShellScriptBuildPhase;
			buildActionMask = 2147483647;
			files = (
			);
			inputPaths = (
			);
			name = "[CP] Embed Pods Frameworks";
			outputPaths = (
			);
			runOnlyForDeploymentPostprocessing = 0;
			shellPath = /bin/sh;
			shellScript = "\"${SRCROOT}/Pods/Target Support Files/Pods-TAKUUIDTests/Pods-TAKUUIDTests-frameworks.sh\"\n";
			showEnvVarsInLog = 0;
		};
		D9B1F32AC8FD50B0B1EC89B8 /* [CP] Check Pods Manifest.lock */ = {
			isa = PBXShellScriptBuildPhase;
			buildActionMask = 2147483647;
			files = (
			);
			inputPaths = (
			);
			name = "[CP] Check Pods Manifest.lock";
			outputPaths = (
			);
			runOnlyForDeploymentPostprocessing = 0;
			shellPath = /bin/sh;
			shellScript = "diff \"${PODS_ROOT}/../Podfile.lock\" \"${PODS_ROOT}/Manifest.lock\" > /dev/null\nif [ $? != 0 ] ; then\n    # print error to STDERR\n    echo \"error: The sandbox is not in sync with the Podfile.lock. Run 'pod install' or update your CocoaPods installation.\" >&2\n    exit 1\nfi\n";
			showEnvVarsInLog = 0;
		};
/* End PBXShellScriptBuildPhase section */

/* Begin PBXSourcesBuildPhase section */
		8638B5C81A0E54E10089F979 /* Sources */ = {
			isa = PBXSourcesBuildPhase;
			buildActionMask = 2147483647;
			files = (
				8638B5D11A0E54E10089F979 /* TAKUUIDTests.m in Sources */,
			);
			runOnlyForDeploymentPostprocessing = 0;
		};
		866B53911A0E51150038140A /* Sources */ = {
			isa = PBXSourcesBuildPhase;
			buildActionMask = 2147483647;
			files = (
				866B53A11A0E51150038140A /* ViewController.m in Sources */,
				866B539E1A0E51150038140A /* AppDelegate.m in Sources */,
				866B539B1A0E51150038140A /* main.m in Sources */,
			);
			runOnlyForDeploymentPostprocessing = 0;
		};
/* End PBXSourcesBuildPhase section */

/* Begin PBXTargetDependency section */
		8638B5D31A0E54E10089F979 /* PBXTargetDependency */ = {
			isa = PBXTargetDependency;
			target = 866B53941A0E51150038140A /* TAKUUID */;
			targetProxy = 8638B5D21A0E54E10089F979 /* PBXContainerItemProxy */;
		};
/* End PBXTargetDependency section */

/* Begin PBXVariantGroup section */
		866B53A21A0E51150038140A /* Main.storyboard */ = {
			isa = PBXVariantGroup;
			children = (
				866B53A31A0E51150038140A /* Base */,
			);
			name = Main.storyboard;
			sourceTree = "<group>";
		};
		866B53A71A0E51150038140A /* LaunchScreen.xib */ = {
			isa = PBXVariantGroup;
			children = (
				866B53A81A0E51150038140A /* Base */,
			);
			name = LaunchScreen.xib;
			sourceTree = "<group>";
		};
/* End PBXVariantGroup section */

/* Begin XCBuildConfiguration section */
		8638B5D51A0E54E10089F979 /* Debug */ = {
			isa = XCBuildConfiguration;
			baseConfigurationReference = F4561C26A757716BEA43F86C /* Pods-TAKUUIDTests.debug.xcconfig */;
			buildSettings = {
				BUNDLE_LOADER = "$(TEST_HOST)";
				FRAMEWORK_SEARCH_PATHS = (
					"$(SDKROOT)/Developer/Library/Frameworks",
					"$(inherited)",
				);
				GCC_PREPROCESSOR_DEFINITIONS = (
					"DEBUG=1",
					"$(inherited)",
				);
				INFOPLIST_FILE = TAKUUIDTests/Info.plist;
				LD_RUNPATH_SEARCH_PATHS = "$(inherited) @executable_path/Frameworks @loader_path/Frameworks";
				PRODUCT_BUNDLE_IDENTIFIER = "net.heartofsword.$(PRODUCT_NAME:rfc1034identifier)";
				PRODUCT_NAME = "$(TARGET_NAME)";
				TEST_HOST = "$(BUILT_PRODUCTS_DIR)/TAKUUID.app/TAKUUID";
			};
			name = Debug;
		};
		8638B5D61A0E54E10089F979 /* Release */ = {
			isa = XCBuildConfiguration;
			baseConfigurationReference = 144600B75D9C7773461A9D6B /* Pods-TAKUUIDTests.release.xcconfig */;
			buildSettings = {
				BUNDLE_LOADER = "$(TEST_HOST)";
				FRAMEWORK_SEARCH_PATHS = (
					"$(SDKROOT)/Developer/Library/Frameworks",
					"$(inherited)",
				);
				INFOPLIST_FILE = TAKUUIDTests/Info.plist;
				LD_RUNPATH_SEARCH_PATHS = "$(inherited) @executable_path/Frameworks @loader_path/Frameworks";
				PRODUCT_BUNDLE_IDENTIFIER = "net.heartofsword.$(PRODUCT_NAME:rfc1034identifier)";
				PRODUCT_NAME = "$(TARGET_NAME)";
				TEST_HOST = "$(BUILT_PRODUCTS_DIR)/TAKUUID.app/TAKUUID";
			};
			name = Release;
		};
		866B53B61A0E51150038140A /* Debug */ = {
			isa = XCBuildConfiguration;
			buildSettings = {
				ALWAYS_SEARCH_USER_PATHS = NO;
				CLANG_CXX_LANGUAGE_STANDARD = "gnu++0x";
				CLANG_CXX_LIBRARY = "libc++";
				CLANG_ENABLE_MODULES = YES;
				CLANG_ENABLE_OBJC_ARC = YES;
				CLANG_WARN_BOOL_CONVERSION = YES;
				CLANG_WARN_CONSTANT_CONVERSION = YES;
				CLANG_WARN_DIRECT_OBJC_ISA_USAGE = YES_ERROR;
				CLANG_WARN_EMPTY_BODY = YES;
				CLANG_WARN_ENUM_CONVERSION = YES;
				CLANG_WARN_INT_CONVERSION = YES;
				CLANG_WARN_OBJC_ROOT_CLASS = YES_ERROR;
				CLANG_WARN_UNREACHABLE_CODE = YES;
				CLANG_WARN__DUPLICATE_METHOD_MATCH = YES;
				"CODE_SIGN_IDENTITY[sdk=iphoneos*]" = "iPhone Developer";
				COPY_PHASE_STRIP = NO;
				ENABLE_STRICT_OBJC_MSGSEND = YES;
				ENABLE_TESTABILITY = YES;
				GCC_C_LANGUAGE_STANDARD = gnu99;
				GCC_DYNAMIC_NO_PIC = NO;
				GCC_OPTIMIZATION_LEVEL = 0;
				GCC_PREPROCESSOR_DEFINITIONS = (
					"DEBUG=1",
					"$(inherited)",
				);
				GCC_SYMBOLS_PRIVATE_EXTERN = NO;
				GCC_WARN_64_TO_32_BIT_CONVERSION = YES;
				GCC_WARN_ABOUT_RETURN_TYPE = YES_ERROR;
				GCC_WARN_UNDECLARED_SELECTOR = YES;
				GCC_WARN_UNINITIALIZED_AUTOS = YES_AGGRESSIVE;
				GCC_WARN_UNUSED_FUNCTION = YES;
				GCC_WARN_UNUSED_VARIABLE = YES;
				IPHONEOS_DEPLOYMENT_TARGET = 8.0;
				MTL_ENABLE_DEBUG_INFO = YES;
				ONLY_ACTIVE_ARCH = YES;
				SDKROOT = iphoneos;
			};
			name = Debug;
		};
		866B53B71A0E51150038140A /* Release */ = {
			isa = XCBuildConfiguration;
			buildSettings = {
				ALWAYS_SEARCH_USER_PATHS = NO;
				CLANG_CXX_LANGUAGE_STANDARD = "gnu++0x";
				CLANG_CXX_LIBRARY = "libc++";
				CLANG_ENABLE_MODULES = YES;
				CLANG_ENABLE_OBJC_ARC = YES;
				CLANG_WARN_BOOL_CONVERSION = YES;
				CLANG_WARN_CONSTANT_CONVERSION = YES;
				CLANG_WARN_DIRECT_OBJC_ISA_USAGE = YES_ERROR;
				CLANG_WARN_EMPTY_BODY = YES;
				CLANG_WARN_ENUM_CONVERSION = YES;
				CLANG_WARN_INT_CONVERSION = YES;
				CLANG_WARN_OBJC_ROOT_CLASS = YES_ERROR;
				CLANG_WARN_UNREACHABLE_CODE = YES;
				CLANG_WARN__DUPLICATE_METHOD_MATCH = YES;
				"CODE_SIGN_IDENTITY[sdk=iphoneos*]" = "iPhone Developer";
				COPY_PHASE_STRIP = YES;
				ENABLE_NS_ASSERTIONS = NO;
				ENABLE_STRICT_OBJC_MSGSEND = YES;
				GCC_C_LANGUAGE_STANDARD = gnu99;
				GCC_WARN_64_TO_32_BIT_CONVERSION = YES;
				GCC_WARN_ABOUT_RETURN_TYPE = YES_ERROR;
				GCC_WARN_UNDECLARED_SELECTOR = YES;
				GCC_WARN_UNINITIALIZED_AUTOS = YES_AGGRESSIVE;
				GCC_WARN_UNUSED_FUNCTION = YES;
				GCC_WARN_UNUSED_VARIABLE = YES;
				IPHONEOS_DEPLOYMENT_TARGET = 8.0;
				MTL_ENABLE_DEBUG_INFO = NO;
				SDKROOT = iphoneos;
				VALIDATE_PRODUCT = YES;
			};
			name = Release;
		};
		866B53B91A0E51150038140A /* Debug */ = {
			isa = XCBuildConfiguration;
			baseConfigurationReference = DD9BBD19EDDCFC37D55631E1 /* Pods-TAKUUID.debug.xcconfig */;
			buildSettings = {
				ASSETCATALOG_COMPILER_APPICON_NAME = AppIcon;
				CODE_SIGN_ENTITLEMENTS = TAKUUID/TAKUUID.entitlements;
				DEVELOPMENT_TEAM = W7992S87DQ;
				INFOPLIST_FILE = TAKUUID/Info.plist;
				IPHONEOS_DEPLOYMENT_TARGET = 8.0;
				LD_RUNPATH_SEARCH_PATHS = "$(inherited) @executable_path/Frameworks";
				PRODUCT_BUNDLE_IDENTIFIER = "net.heartofsword.$(PRODUCT_NAME:rfc1034identifier)";
				PRODUCT_NAME = "$(TARGET_NAME)";
				TARGETED_DEVICE_FAMILY = "1,2";
			};
			name = Debug;
		};
		866B53BA1A0E51150038140A /* Release */ = {
			isa = XCBuildConfiguration;
			baseConfigurationReference = 195E76156F3AEF2C238A59C9 /* Pods-TAKUUID.release.xcconfig */;
			buildSettings = {
				ASSETCATALOG_COMPILER_APPICON_NAME = AppIcon;
				CODE_SIGN_ENTITLEMENTS = TAKUUID/TAKUUID.entitlements;
				DEVELOPMENT_TEAM = W7992S87DQ;
				INFOPLIST_FILE = TAKUUID/Info.plist;
				IPHONEOS_DEPLOYMENT_TARGET = 8.0;
				LD_RUNPATH_SEARCH_PATHS = "$(inherited) @executable_path/Frameworks";
				PRODUCT_BUNDLE_IDENTIFIER = "net.heartofsword.$(PRODUCT_NAME:rfc1034identifier)";
				PRODUCT_NAME = "$(TARGET_NAME)";
				TARGETED_DEVICE_FAMILY = "1,2";
			};
			name = Release;
		};
/* End XCBuildConfiguration section */

/* Begin XCConfigurationList section */
		8638B5D41A0E54E10089F979 /* Build configuration list for PBXNativeTarget "TAKUUIDTests" */ = {
			isa = XCConfigurationList;
			buildConfigurations = (
				8638B5D51A0E54E10089F979 /* Debug */,
				8638B5D61A0E54E10089F979 /* Release */,
			);
			defaultConfigurationIsVisible = 0;
			defaultConfigurationName = Release;
		};
		866B53901A0E51150038140A /* Build configuration list for PBXProject "TAKUUID" */ = {
			isa = XCConfigurationList;
			buildConfigurations = (
				866B53B61A0E51150038140A /* Debug */,
				866B53B71A0E51150038140A /* Release */,
			);
			defaultConfigurationIsVisible = 0;
			defaultConfigurationName = Release;
		};
		866B53B81A0E51150038140A /* Build configuration list for PBXNativeTarget "TAKUUID" */ = {
			isa = XCConfigurationList;
			buildConfigurations = (
				866B53B91A0E51150038140A /* Debug */,
				866B53BA1A0E51150038140A /* Release */,
			);
			defaultConfigurationIsVisible = 0;
			defaultConfigurationName = Release;
		};
/* End XCConfigurationList section */
	};
	rootObject = 866B538D1A0E51150038140A /* Project object */;
}
