// !$*UTF8*$!
{
	archiveVersion = 1;
	classes = {
	};
	objectVersion = 46;
	objects = {

/* Begin PBXBuildFile section */
		26A0D5665394949EF7220966 /* libPods-TAKUUIDSample.a in Frameworks */ = {isa = PBXBuildFile; fileRef = 7F9A4874B76923CC789F5AE0 /* libPods-TAKUUIDSample.a */; };
		86FA34E8192CDCFF0076278B /* Foundation.framework in Frameworks */ = {isa = PBXBuildFile; fileRef = 86FA34E7192CDCFF0076278B /* Foundation.framework */; };
		86FA34EA192CDCFF0076278B /* CoreGraphics.framework in Frameworks */ = {isa = PBXBuildFile; fileRef = 86FA34E9192CDCFF0076278B /* CoreGraphics.framework */; };
		86FA34EC192CDCFF0076278B /* UIKit.framework in Frameworks */ = {isa = PBXBuildFile; fileRef = 86FA34EB192CDCFF0076278B /* UIKit.framework */; };
		86FA34F2192CDCFF0076278B /* InfoPlist.strings in Resources */ = {isa = PBXBuildFile; fileRef = 86FA34F0192CDCFF0076278B /* InfoPlist.strings */; };
		86FA34F4192CDCFF0076278B /* main.m in Sources */ = {isa = PBXBuildFile; fileRef = 86FA34F3192CDCFF0076278B /* main.m */; };
		86FA34F8192CDCFF0076278B /* TAKAppDelegate.m in Sources */ = {isa = PBXBuildFile; fileRef = 86FA34F7192CDCFF0076278B /* TAKAppDelegate.m */; };
		86FA34FB192CDCFF0076278B /* Main.storyboard in Resources */ = {isa = PBXBuildFile; fileRef = 86FA34F9192CDCFF0076278B /* Main.storyboard */; };
		86FA3500192CDCFF0076278B /* Images.xcassets in Resources */ = {isa = PBXBuildFile; fileRef = 86FA34FF192CDCFF0076278B /* Images.xcassets */; };
		86FA3507192CDCFF0076278B /* XCTest.framework in Frameworks */ = {isa = PBXBuildFile; fileRef = 86FA3506192CDCFF0076278B /* XCTest.framework */; };
		86FA3508192CDCFF0076278B /* Foundation.framework in Frameworks */ = {isa = PBXBuildFile; fileRef = 86FA34E7192CDCFF0076278B /* Foundation.framework */; };
		86FA3509192CDCFF0076278B /* UIKit.framework in Frameworks */ = {isa = PBXBuildFile; fileRef = 86FA34EB192CDCFF0076278B /* UIKit.framework */; };
		86FA3511192CDCFF0076278B /* InfoPlist.strings in Resources */ = {isa = PBXBuildFile; fileRef = 86FA350F192CDCFF0076278B /* InfoPlist.strings */; };
		86FA3513192CDCFF0076278B /* TAKUUIDSampleTests.m in Sources */ = {isa = PBXBuildFile; fileRef = 86FA3512192CDCFF0076278B /* TAKUUIDSampleTests.m */; };
		F8BFAB811D813BB200EC6624 /* Launch Screen.storyboard in Resources */ = {isa = PBXBuildFile; fileRef = F8BFAB801D813BB200EC6624 /* Launch Screen.storyboard */; };
		F8BFAB881D813C4F00EC6624 /* TAKViewController.swift in Sources */ = {isa = PBXBuildFile; fileRef = F8BFAB871D813C4F00EC6624 /* TAKViewController.swift */; };
/* End PBXBuildFile section */

/* Begin PBXContainerItemProxy section */
		86FA350A192CDCFF0076278B /* PBXContainerItemProxy */ = {
			isa = PBXContainerItemProxy;
			containerPortal = 86FA34DC192CDCFF0076278B /* Project object */;
			proxyType = 1;
			remoteGlobalIDString = 86FA34E3192CDCFF0076278B;
			remoteInfo = TAKUUIDSample;
		};
/* End PBXContainerItemProxy section */

/* Begin PBXFileReference section */
		10B1A8F68DE7F8F60786FBEB /* Pods-TAKUUIDSample.release.xcconfig */ = {isa = PBXFileReference; includeInIndex = 1; lastKnownFileType = text.xcconfig; name = "Pods-TAKUUIDSample.release.xcconfig"; path = "Pods/Target Support Files/Pods-TAKUUIDSample/Pods-TAKUUIDSample.release.xcconfig"; sourceTree = "<group>"; };
		7F9A4874B76923CC789F5AE0 /* libPods-TAKUUIDSample.a */ = {isa = PBXFileReference; explicitFileType = archive.ar; includeInIndex = 0; path = "libPods-TAKUUIDSample.a"; sourceTree = BUILT_PRODUCTS_DIR; };
		86FA34E4192CDCFF0076278B /* TAKUUIDSample.app */ = {isa = PBXFileReference; explicitFileType = wrapper.application; includeInIndex = 0; path = TAKUUIDSample.app; sourceTree = BUILT_PRODUCTS_DIR; };
		86FA34E7192CDCFF0076278B /* Foundation.framework */ = {isa = PBXFileReference; lastKnownFileType = wrapper.framework; name = Foundation.framework; path = System/Library/Frameworks/Foundation.framework; sourceTree = SDKROOT; };
		86FA34E9192CDCFF0076278B /* CoreGraphics.framework */ = {isa = PBXFileReference; lastKnownFileType = wrapper.framework; name = CoreGraphics.framework; path = System/Library/Frameworks/CoreGraphics.framework; sourceTree = SDKROOT; };
		86FA34EB192CDCFF0076278B /* UIKit.framework */ = {isa = PBXFileReference; lastKnownFileType = wrapper.framework; name = UIKit.framework; path = System/Library/Frameworks/UIKit.framework; sourceTree = SDKROOT; };
		86FA34EF192CDCFF0076278B /* TAKUUIDSample-Info.plist */ = {isa = PBXFileReference; lastKnownFileType = text.plist.xml; path = "TAKUUIDSample-Info.plist"; sourceTree = "<group>"; };
		86FA34F1192CDCFF0076278B /* en */ = {isa = PBXFileReference; lastKnownFileType = text.plist.strings; name = en; path = en.lproj/InfoPlist.strings; sourceTree = "<group>"; };
		86FA34F3192CDCFF0076278B /* main.m */ = {isa = PBXFileReference; lastKnownFileType = sourcecode.c.objc; path = main.m; sourceTree = "<group>"; };
		86FA34F5192CDCFF0076278B /* TAKUUIDSample-Prefix.pch */ = {isa = PBXFileReference; lastKnownFileType = sourcecode.c.h; path = "TAKUUIDSample-Prefix.pch"; sourceTree = "<group>"; };
		86FA34F6192CDCFF0076278B /* TAKAppDelegate.h */ = {isa = PBXFileReference; lastKnownFileType = sourcecode.c.h; path = TAKAppDelegate.h; sourceTree = "<group>"; };
		86FA34F7192CDCFF0076278B /* TAKAppDelegate.m */ = {isa = PBXFileReference; lastKnownFileType = sourcecode.c.objc; path = TAKAppDelegate.m; sourceTree = "<group>"; };
		86FA34FA192CDCFF0076278B /* Base */ = {isa = PBXFileReference; lastKnownFileType = file.storyboard; name = Base; path = Base.lproj/Main.storyboard; sourceTree = "<group>"; };
		86FA34FF192CDCFF0076278B /* Images.xcassets */ = {isa = PBXFileReference; lastKnownFileType = folder.assetcatalog; path = Images.xcassets; sourceTree = "<group>"; };
		86FA3505192CDCFF0076278B /* TAKUUIDSampleTests.xctest */ = {isa = PBXFileReference; explicitFileType = wrapper.cfbundle; includeInIndex = 0; path = TAKUUIDSampleTests.xctest; sourceTree = BUILT_PRODUCTS_DIR; };
		86FA3506192CDCFF0076278B /* XCTest.framework */ = {isa = PBXFileReference; lastKnownFileType = wrapper.framework; name = XCTest.framework; path = Library/Frameworks/XCTest.framework; sourceTree = DEVELOPER_DIR; };
		86FA350E192CDCFF0076278B /* TAKUUIDSampleTests-Info.plist */ = {isa = PBXFileReference; lastKnownFileType = text.plist.xml; path = "TAKUUIDSampleTests-Info.plist"; sourceTree = "<group>"; };
		86FA3510192CDCFF0076278B /* en */ = {isa = PBXFileReference; lastKnownFileType = text.plist.strings; name = en; path = en.lproj/InfoPlist.strings; sourceTree = "<group>"; };
		86FA3512192CDCFF0076278B /* TAKUUIDSampleTests.m */ = {isa = PBXFileReference; lastKnownFileType = sourcecode.c.objc; path = TAKUUIDSampleTests.m; sourceTree = "<group>"; };
		F8BFAB801D813BB200EC6624 /* Launch Screen.storyboard */ = {isa = PBXFileReference; fileEncoding = 4; lastKnownFileType = file.storyboard; path = "Launch Screen.storyboard"; sourceTree = "<group>"; };
		F8BFAB861D813C4F00EC6624 /* TAKUUIDSample-Bridging-Header.h */ = {isa = PBXFileReference; lastKnownFileType = sourcecode.c.h; path = "TAKUUIDSample-Bridging-Header.h"; sourceTree = "<group>"; };
		F8BFAB871D813C4F00EC6624 /* TAKViewController.swift */ = {isa = PBXFileReference; fileEncoding = 4; lastKnownFileType = sourcecode.swift; path = TAKViewController.swift; sourceTree = "<group>"; };
		FE7CF8345FA6D44E373429C1 /* Pods-TAKUUIDSample.debug.xcconfig */ = {isa = PBXFileReference; includeInIndex = 1; lastKnownFileType = text.xcconfig; name = "Pods-TAKUUIDSample.debug.xcconfig"; path = "Pods/Target Support Files/Pods-TAKUUIDSample/Pods-TAKUUIDSample.debug.xcconfig"; sourceTree = "<group>"; };
/* End PBXFileReference section */

/* Begin PBXFrameworksBuildPhase section */
		86FA34E1192CDCFF0076278B /* Frameworks */ = {
			isa = PBXFrameworksBuildPhase;
			buildActionMask = 2147483647;
			files = (
				86FA34EA192CDCFF0076278B /* CoreGraphics.framework in Frameworks */,
				86FA34EC192CDCFF0076278B /* UIKit.framework in Frameworks */,
				86FA34E8192CDCFF0076278B /* Foundation.framework in Frameworks */,
				26A0D5665394949EF7220966 /* libPods-TAKUUIDSample.a in Frameworks */,
			);
			runOnlyForDeploymentPostprocessing = 0;
		};
		86FA3502192CDCFF0076278B /* Frameworks */ = {
			isa = PBXFrameworksBuildPhase;
			buildActionMask = 2147483647;
			files = (
				86FA3507192CDCFF0076278B /* XCTest.framework in Frameworks */,
				86FA3509192CDCFF0076278B /* UIKit.framework in Frameworks */,
				86FA3508192CDCFF0076278B /* Foundation.framework in Frameworks */,
			);
			runOnlyForDeploymentPostprocessing = 0;
		};
/* End PBXFrameworksBuildPhase section */

/* Begin PBXGroup section */
		766C3C239F1A3481F33AB0DC /* Pods */ = {
			isa = PBXGroup;
			children = (
				FE7CF8345FA6D44E373429C1 /* Pods-TAKUUIDSample.debug.xcconfig */,
				10B1A8F68DE7F8F60786FBEB /* Pods-TAKUUIDSample.release.xcconfig */,
			);
			name = Pods;
			sourceTree = "<group>";
		};
		86FA34DB192CDCFF0076278B = {
			isa = PBXGroup;
			children = (
				86FA34ED192CDCFF0076278B /* TAKUUIDSample */,
				86FA350C192CDCFF0076278B /* TAKUUIDSampleTests */,
				86FA34E6192CDCFF0076278B /* Frameworks */,
				86FA34E5192CDCFF0076278B /* Products */,
				766C3C239F1A3481F33AB0DC /* Pods */,
			);
			sourceTree = "<group>";
		};
		86FA34E5192CDCFF0076278B /* Products */ = {
			isa = PBXGroup;
			children = (
				86FA34E4192CDCFF0076278B /* TAKUUIDSample.app */,
				86FA3505192CDCFF0076278B /* TAKUUIDSampleTests.xctest */,
			);
			name = Products;
			sourceTree = "<group>";
		};
		86FA34E6192CDCFF0076278B /* Frameworks */ = {
			isa = PBXGroup;
			children = (
				86FA34E7192CDCFF0076278B /* Foundation.framework */,
				86FA34E9192CDCFF0076278B /* CoreGraphics.framework */,
				86FA34EB192CDCFF0076278B /* UIKit.framework */,
				86FA3506192CDCFF0076278B /* XCTest.framework */,
				7F9A4874B76923CC789F5AE0 /* libPods-TAKUUIDSample.a */,
			);
			name = Frameworks;
			sourceTree = "<group>";
		};
		86FA34ED192CDCFF0076278B /* TAKUUIDSample */ = {
			isa = PBXGroup;
			children = (
				86FA34F6192CDCFF0076278B /* TAKAppDelegate.h */,
				86FA34F7192CDCFF0076278B /* TAKAppDelegate.m */,
				F8BFAB871D813C4F00EC6624 /* TAKViewController.swift */,
				86FA34F9192CDCFF0076278B /* Main.storyboard */,
				86FA34FF192CDCFF0076278B /* Images.xcassets */,
				F8BFAB801D813BB200EC6624 /* Launch Screen.storyboard */,
				F8BFAB861D813C4F00EC6624 /* TAKUUIDSample-Bridging-Header.h */,
				86FA34EE192CDCFF0076278B /* Supporting Files */,
			);
			path = TAKUUIDSample;
			sourceTree = "<group>";
		};
		86FA34EE192CDCFF0076278B /* Supporting Files */ = {
			isa = PBXGroup;
			children = (
				86FA34EF192CDCFF0076278B /* TAKUUIDSample-Info.plist */,
				86FA34F0192CDCFF0076278B /* InfoPlist.strings */,
				86FA34F3192CDCFF0076278B /* main.m */,
				86FA34F5192CDCFF0076278B /* TAKUUIDSample-Prefix.pch */,
			);
			name = "Supporting Files";
			sourceTree = "<group>";
		};
		86FA350C192CDCFF0076278B /* TAKUUIDSampleTests */ = {
			isa = PBXGroup;
			children = (
				86FA3512192CDCFF0076278B /* TAKUUIDSampleTests.m */,
				86FA350D192CDCFF0076278B /* Supporting Files */,
			);
			path = TAKUUIDSampleTests;
			sourceTree = "<group>";
		};
		86FA350D192CDCFF0076278B /* Supporting Files */ = {
			isa = PBXGroup;
			children = (
				86FA350E192CDCFF0076278B /* TAKUUIDSampleTests-Info.plist */,
				86FA350F192CDCFF0076278B /* InfoPlist.strings */,
			);
			name = "Supporting Files";
			sourceTree = "<group>";
		};
/* End PBXGroup section */

/* Begin PBXNativeTarget section */
		86FA34E3192CDCFF0076278B /* TAKUUIDSample */ = {
			isa = PBXNativeTarget;
			buildConfigurationList = 86FA3516192CDCFF0076278B /* Build configuration list for PBXNativeTarget "TAKUUIDSample" */;
			buildPhases = (
				F7E50F6070E94F2BCB4A963F /* [CP] Check Pods Manifest.lock */,
				86FA34E0192CDCFF0076278B /* Sources */,
				86FA34E1192CDCFF0076278B /* Frameworks */,
				86FA34E2192CDCFF0076278B /* Resources */,
				9974D89C0D0311CA0D9A723F /* [CP] Embed Pods Frameworks */,
				6D3EBF010BF071BDCBA13A5C /* [CP] Copy Pods Resources */,
			);
			buildRules = (
			);
			dependencies = (
			);
			name = TAKUUIDSample;
			productName = TAKUUIDSample;
			productReference = 86FA34E4192CDCFF0076278B /* TAKUUIDSample.app */;
			productType = "com.apple.product-type.application";
		};
		86FA3504192CDCFF0076278B /* TAKUUIDSampleTests */ = {
			isa = PBXNativeTarget;
			buildConfigurationList = 86FA3519192CDCFF0076278B /* Build configuration list for PBXNativeTarget "TAKUUIDSampleTests" */;
			buildPhases = (
				86FA3501192CDCFF0076278B /* Sources */,
				86FA3502192CDCFF0076278B /* Frameworks */,
				86FA3503192CDCFF0076278B /* Resources */,
			);
			buildRules = (
			);
			dependencies = (
				86FA350B192CDCFF0076278B /* PBXTargetDependency */,
			);
			name = TAKUUIDSampleTests;
			productName = TAKUUIDSampleTests;
			productReference = 86FA3505192CDCFF0076278B /* TAKUUIDSampleTests.xctest */;
			productType = "com.apple.product-type.bundle.unit-test";
		};
/* End PBXNativeTarget section */

/* Begin PBXProject section */
		86FA34DC192CDCFF0076278B /* Project object */ = {
			isa = PBXProject;
			attributes = {
				CLASSPREFIX = TAK;
				LastSwiftUpdateCheck = 0730;
				LastUpgradeCheck = 0510;
				ORGANIZATIONNAME = "Takahiro Ooishi";
				TargetAttributes = {
					86FA34E3192CDCFF0076278B = {
						LastSwiftMigration = 0800;
					};
					86FA3504192CDCFF0076278B = {
						TestTargetID = 86FA34E3192CDCFF0076278B;
					};
				};
			};
			buildConfigurationList = 86FA34DF192CDCFF0076278B /* Build configuration list for PBXProject "TAKUUIDSample" */;
			compatibilityVersion = "Xcode 3.2";
			developmentRegion = English;
			hasScannedForEncodings = 0;
			knownRegions = (
				en,
				Base,
			);
			mainGroup = 86FA34DB192CDCFF0076278B;
			productRefGroup = 86FA34E5192CDCFF0076278B /* Products */;
			projectDirPath = "";
			projectRoot = "";
			targets = (
				86FA34E3192CDCFF0076278B /* TAKUUIDSample */,
				86FA3504192CDCFF0076278B /* TAKUUIDSampleTests */,
			);
		};
/* End PBXProject section */

/* Begin PBXResourcesBuildPhase section */
		86FA34E2192CDCFF0076278B /* Resources */ = {
			isa = PBXResourcesBuildPhase;
			buildActionMask = 2147483647;
			files = (
				86FA3500192CDCFF0076278B /* Images.xcassets in Resources */,
				86FA34F2192CDCFF0076278B /* InfoPlist.strings in Resources */,
				F8BFAB811D813BB200EC6624 /* Launch Screen.storyboard in Resources */,
				86FA34FB192CDCFF0076278B /* Main.storyboard in Resources */,
			);
			runOnlyForDeploymentPostprocessing = 0;
		};
		86FA3503192CDCFF0076278B /* Resources */ = {
			isa = PBXResourcesBuildPhase;
			buildActionMask = 2147483647;
			files = (
				86FA3511192CDCFF0076278B /* InfoPlist.strings in Resources */,
			);
			runOnlyForDeploymentPostprocessing = 0;
		};
/* End PBXResourcesBuildPhase section */

/* Begin PBXShellScriptBuildPhase section */
		6D3EBF010BF071BDCBA13A5C /* [CP] Copy Pods Resources */ = {
			isa = PBXShellScriptBuildPhase;
			buildActionMask = 2147483647;
			files = (
			);
			inputPaths = (
			);
			name = "[CP] Copy Pods Resources";
			outputPaths = (
			);
			runOnlyForDeploymentPostprocessing = 0;
			shellPath = /bin/sh;
			shellScript = "\"${SRCROOT}/Pods/Target Support Files/Pods-TAKUUIDSample/Pods-TAKUUIDSample-resources.sh\"\n";
			showEnvVarsInLog = 0;
		};
		9974D89C0D0311CA0D9A723F /* [CP] Embed Pods Frameworks */ = {
			isa = PBXShellScriptBuildPhase;
			buildActionMask = 2147483647;
			files = (
			);
			inputPaths = (
			);
			name = "[CP] Embed Pods Frameworks";
			outputPaths = (
			);
			runOnlyForDeploymentPostprocessing = 0;
			shellPath = /bin/sh;
			shellScript = "\"${SRCROOT}/Pods/Target Support Files/Pods-TAKUUIDSample/Pods-TAKUUIDSample-frameworks.sh\"\n";
			showEnvVarsInLog = 0;
		};
		F7E50F6070E94F2BCB4A963F /* [CP] Check Pods Manifest.lock */ = {
			isa = PBXShellScriptBuildPhase;
			buildActionMask = 2147483647;
			files = (
			);
			inputPaths = (
			);
			name = "[CP] Check Pods Manifest.lock";
			outputPaths = (
			);
			runOnlyForDeploymentPostprocessing = 0;
			shellPath = /bin/sh;
			shellScript = "diff \"${PODS_ROOT}/../Podfile.lock\" \"${PODS_ROOT}/Manifest.lock\" > /dev/null\nif [[ $? != 0 ]] ; then\n    cat << EOM\nerror: The sandbox is not in sync with the Podfile.lock. Run 'pod install' or update your CocoaPods installation.\nEOM\n    exit 1\nfi\n";
			showEnvVarsInLog = 0;
		};
/* End PBXShellScriptBuildPhase section */

/* Begin PBXSourcesBuildPhase section */
		86FA34E0192CDCFF0076278B /* Sources */ = {
			isa = PBXSourcesBuildPhase;
			buildActionMask = 2147483647;
			files = (
				86FA34F4192CDCFF0076278B /* main.m in Sources */,
				F8BFAB881D813C4F00EC6624 /* TAKViewController.swift in Sources */,
				86FA34F8192CDCFF0076278B /* TAKAppDelegate.m in Sources */,
			);
			runOnlyForDeploymentPostprocessing = 0;
		};
		86FA3501192CDCFF0076278B /* Sources */ = {
			isa = PBXSourcesBuildPhase;
			buildActionMask = 2147483647;
			files = (
				86FA3513192CDCFF0076278B /* TAKUUIDSampleTests.m in Sources */,
			);
			runOnlyForDeploymentPostprocessing = 0;
		};
/* End PBXSourcesBuildPhase section */

/* Begin PBXTargetDependency section */
		86FA350B192CDCFF0076278B /* PBXTargetDependency */ = {
			isa = PBXTargetDependency;
			target = 86FA34E3192CDCFF0076278B /* TAKUUIDSample */;
			targetProxy = 86FA350A192CDCFF0076278B /* PBXContainerItemProxy */;
		};
/* End PBXTargetDependency section */

/* Begin PBXVariantGroup section */
		86FA34F0192CDCFF0076278B /* InfoPlist.strings */ = {
			isa = PBXVariantGroup;
			children = (
				86FA34F1192CDCFF0076278B /* en */,
			);
			name = InfoPlist.strings;
			sourceTree = "<group>";
		};
		86FA34F9192CDCFF0076278B /* Main.storyboard */ = {
			isa = PBXVariantGroup;
			children = (
				86FA34FA192CDCFF0076278B /* Base */,
			);
			name = Main.storyboard;
			sourceTree = "<group>";
		};
		86FA350F192CDCFF0076278B /* InfoPlist.strings */ = {
			isa = PBXVariantGroup;
			children = (
				86FA3510192CDCFF0076278B /* en */,
			);
			name = InfoPlist.strings;
			sourceTree = "<group>";
		};
/* End PBXVariantGroup section */

/* Begin XCBuildConfiguration section */
		86FA3514192CDCFF0076278B /* Debug */ = {
			isa = XCBuildConfiguration;
			buildSettings = {
				ALWAYS_SEARCH_USER_PATHS = NO;
				CLANG_CXX_LANGUAGE_STANDARD = "gnu++0x";
				CLANG_CXX_LIBRARY = "libc++";
				CLANG_ENABLE_MODULES = YES;
				CLANG_ENABLE_OBJC_ARC = YES;
				CLANG_WARN_BOOL_CONVERSION = YES;
				CLANG_WARN_CONSTANT_CONVERSION = YES;
				CLANG_WARN_DIRECT_OBJC_ISA_USAGE = YES_ERROR;
				CLANG_WARN_EMPTY_BODY = YES;
				CLANG_WARN_ENUM_CONVERSION = YES;
				CLANG_WARN_INT_CONVERSION = YES;
				CLANG_WARN_OBJC_ROOT_CLASS = YES_ERROR;
				CLANG_WARN__DUPLICATE_METHOD_MATCH = YES;
				"CODE_SIGN_IDENTITY[sdk=iphoneos*]" = "iPhone Developer";
				COPY_PHASE_STRIP = NO;
				GCC_C_LANGUAGE_STANDARD = gnu99;
				GCC_DYNAMIC_NO_PIC = NO;
				GCC_OPTIMIZATION_LEVEL = 0;
				GCC_PREPROCESSOR_DEFINITIONS = (
					"DEBUG=1",
					"$(inherited)",
				);
				GCC_SYMBOLS_PRIVATE_EXTERN = NO;
				GCC_WARN_64_TO_32_BIT_CONVERSION = YES;
				GCC_WARN_ABOUT_RETURN_TYPE = YES_ERROR;
				GCC_WARN_UNDECLARED_SELECTOR = YES;
				GCC_WARN_UNINITIALIZED_AUTOS = YES_AGGRESSIVE;
				GCC_WARN_UNUSED_FUNCTION = YES;
				GCC_WARN_UNUSED_VARIABLE = YES;
				IPHONEOS_DEPLOYMENT_TARGET = 8.0;
				ONLY_ACTIVE_ARCH = YES;
				SDKROOT = iphoneos;
			};
			name = Debug;
		};
		86FA3515192CDCFF0076278B /* Release */ = {
			isa = XCBuildConfiguration;
			buildSettings = {
				ALWAYS_SEARCH_USER_PATHS = NO;
				CLANG_CXX_LANGUAGE_STANDARD = "gnu++0x";
				CLANG_CXX_LIBRARY = "libc++";
				CLANG_ENABLE_MODULES = YES;
				CLANG_ENABLE_OBJC_ARC = YES;
				CLANG_WARN_BOOL_CONVERSION = YES;
				CLANG_WARN_CONSTANT_CONVERSION = YES;
				CLANG_WARN_DIRECT_OBJC_ISA_USAGE = YES_ERROR;
				CLANG_WARN_EMPTY_BODY = YES;
				CLANG_WARN_ENUM_CONVERSION = YES;
				CLANG_WARN_INT_CONVERSION = YES;
				CLANG_WARN_OBJC_ROOT_CLASS = YES_ERROR;
				CLANG_WARN__DUPLICATE_METHOD_MATCH = YES;
				"CODE_SIGN_IDENTITY[sdk=iphoneos*]" = "iPhone Developer";
				COPY_PHASE_STRIP = YES;
				ENABLE_NS_ASSERTIONS = NO;
				GCC_C_LANGUAGE_STANDARD = gnu99;
				GCC_WARN_64_TO_32_BIT_CONVERSION = YES;
				GCC_WARN_ABOUT_RETURN_TYPE = YES_ERROR;
				GCC_WARN_UNDECLARED_SELECTOR = YES;
				GCC_WARN_UNINITIALIZED_AUTOS = YES_AGGRESSIVE;
				GCC_WARN_UNUSED_FUNCTION = YES;
				GCC_WARN_UNUSED_VARIABLE = YES;
				IPHONEOS_DEPLOYMENT_TARGET = 8.0;
				SDKROOT = iphoneos;
				VALIDATE_PRODUCT = YES;
			};
			name = Release;
		};
		86FA3517192CDCFF0076278B /* Debug */ = {
			isa = XCBuildConfiguration;
			baseConfigurationReference = FE7CF8345FA6D44E373429C1 /* Pods-TAKUUIDSample.debug.xcconfig */;
			buildSettings = {
				ASSETCATALOG_COMPILER_APPICON_NAME = AppIcon;
				CLANG_ENABLE_MODULES = YES;
				GCC_PRECOMPILE_PREFIX_HEADER = YES;
				GCC_PREFIX_HEADER = "TAKUUIDSample/TAKUUIDSample-Prefix.pch";
				INFOPLIST_FILE = "TAKUUIDSample/TAKUUIDSample-Info.plist";
				IPHONEOS_DEPLOYMENT_TARGET = 8.0;
				LD_RUNPATH_SEARCH_PATHS = "$(inherited) @executable_path/Frameworks";
				PRODUCT_NAME = "$(TARGET_NAME)";
				SWIFT_OBJC_BRIDGING_HEADER = "TAKUUIDSample/TAKUUIDSample-Bridging-Header.h";
				SWIFT_OPTIMIZATION_LEVEL = "-Onone";
				SWIFT_VERSION = 3.0;
				WRAPPER_EXTENSION = app;
			};
			name = Debug;
		};
		86FA3518192CDCFF0076278B /* Release */ = {
			isa = XCBuildConfiguration;
			baseConfigurationReference = 10B1A8F68DE7F8F60786FBEB /* Pods-TAKUUIDSample.release.xcconfig */;
			buildSettings = {
				ASSETCATALOG_COMPILER_APPICON_NAME = AppIcon;
				CLANG_ENABLE_MODULES = YES;
				GCC_PRECOMPILE_PREFIX_HEADER = YES;
				GCC_PREFIX_HEADER = "TAKUUIDSample/TAKUUIDSample-Prefix.pch";
				INFOPLIST_FILE = "TAKUUIDSample/TAKUUIDSample-Info.plist";
				IPHONEOS_DEPLOYMENT_TARGET = 8.0;
				LD_RUNPATH_SEARCH_PATHS = "$(inherited) @executable_path/Frameworks";
				PRODUCT_NAME = "$(TARGET_NAME)";
				SWIFT_OBJC_BRIDGING_HEADER = "TAKUUIDSample/TAKUUIDSample-Bridging-Header.h";
				SWIFT_VERSION = 3.0;
				WRAPPER_EXTENSION = app;
			};
			name = Release;
		};
		86FA351A192CDCFF0076278B /* Debug */ = {
			isa = XCBuildConfiguration;
			buildSettings = {
				ALWAYS_EMBED_SWIFT_STANDARD_LIBRARIES = YES;
				BUNDLE_LOADER = "$(BUILT_PRODUCTS_DIR)/TAKUUIDSample.app/TAKUUIDSample";
				FRAMEWORK_SEARCH_PATHS = (
					"$(SDKROOT)/Developer/Library/Frameworks",
					"$(inherited)",
					"$(DEVELOPER_FRAMEWORKS_DIR)",
				);
				GCC_PRECOMPILE_PREFIX_HEADER = YES;
				GCC_PREFIX_HEADER = "TAKUUIDSample/TAKUUIDSample-Prefix.pch";
				GCC_PREPROCESSOR_DEFINITIONS = (
					"DEBUG=1",
					"$(inherited)",
				);
				INFOPLIST_FILE = "TAKUUIDSampleTests/TAKUUIDSampleTests-Info.plist";
				PRODUCT_NAME = "$(TARGET_NAME)";
				TEST_HOST = "$(BUNDLE_LOADER)";
				WRAPPER_EXTENSION = xctest;
			};
			name = Debug;
		};
		86FA351B192CDCFF0076278B /* Release */ = {
			isa = XCBuildConfiguration;
			buildSettings = {
				ALWAYS_EMBED_SWIFT_STANDARD_LIBRARIES = YES;
				BUNDLE_LOADER = "$(BUILT_PRODUCTS_DIR)/TAKUUIDSample.app/TAKUUIDSample";
				FRAMEWORK_SEARCH_PATHS = (
					"$(SDKROOT)/Developer/Library/Frameworks",
					"$(inherited)",
					"$(DEVELOPER_FRAMEWORKS_DIR)",
				);
				GCC_PRECOMPILE_PREFIX_HEADER = YES;
				GCC_PREFIX_HEADER = "TAKUUIDSample/TAKUUIDSample-Prefix.pch";
				INFOPLIST_FILE = "TAKUUIDSampleTests/TAKUUIDSampleTests-Info.plist";
				PRODUCT_NAME = "$(TARGET_NAME)";
				TEST_HOST = "$(BUNDLE_LOADER)";
				WRAPPER_EXTENSION = xctest;
			};
			name = Release;
		};
/* End XCBuildConfiguration section */

/* Begin XCConfigurationList section */
		86FA34DF192CDCFF0076278B /* Build configuration list for PBXProject "TAKUUIDSample" */ = {
			isa = XCConfigurationList;
			buildConfigurations = (
				86FA3514192CDCFF0076278B /* Debug */,
				86FA3515192CDCFF0076278B /* Release */,
			);
			defaultConfigurationIsVisible = 0;
			defaultConfigurationName = Release;
		};
		86FA3516192CDCFF0076278B /* Build configuration list for PBXNativeTarget "TAKUUIDSample" */ = {
			isa = XCConfigurationList;
			buildConfigurations = (
				86FA3517192CDCFF0076278B /* Debug */,
				86FA3518192CDCFF0076278B /* Release */,
			);
			defaultConfigurationIsVisible = 0;
			defaultConfigurationName = Release;
		};
		86FA3519192CDCFF0076278B /* Build configuration list for PBXNativeTarget "TAKUUIDSampleTests" */ = {
			isa = XCConfigurationList;
			buildConfigurations = (
				86FA351A192CDCFF0076278B /* Debug */,
				86FA351B192CDCFF0076278B /* Release */,
			);
			defaultConfigurationIsVisible = 0;
			defaultConfigurationName = Release;
		};
/* End XCConfigurationList section */
	};
	rootObject = 86FA34DC192CDCFF0076278B /* Project object */;
}
